
Microsoft Visual Studio Solution File, Format Version 12.00
# Visual Studio Version 17
VisualStudioVersion = 17.2.32630.192
MinimumVisualStudioVersion = 10.0.40219.1
Project("{FAE04EC0-301F-11D3-BF4B-00C04F79EFBC}") = "Seminar_7", "Seminar_7.csproj", "{D450968E-54A1-4DB1-B2A4-B25171616005}"
EndProject
Global
	GlobalSection(SolutionConfigurationPlatforms) = preSolution
		Debug|Any CPU = Debug|Any CPU
		Release|Any CPU = Release|Any CPU
	EndGlobalSection
	GlobalSection(ProjectConfigurationPlatforms) = postSolution
		{D450968E-54A1-4DB1-B2A4-B25171616005}.Debug|Any CPU.ActiveCfg = Debug|Any CPU
		{D450968E-54A1-4DB1-B2A4-B25171616005}.Debug|Any CPU.Build.0 = Debug|Any CPU
		{D450968E-54A1-4DB1-B2A4-B25171616005}.Release|Any CPU.ActiveCfg = Release|Any CPU
		{D450968E-54A1-4DB1-B2A4-B25171616005}.Release|Any CPU.Build.0 = Release|Any CPU
	EndGlobalSection
	GlobalSection(SolutionProperties) = preSolution
		HideSolutionNode = FALSE
	EndGlobalSection
	GlobalSection(ExtensibilityGlobals) = postSolution
		SolutionGuid = {C9B21FFD-3E64-47CD-B2C7-F4B5A6ACC956}
	EndGlobalSection
EndGlobal
